# THIS IS AN AUTOGENERATED FILE. DO NOT EDIT THIS FILE DIRECTLY.
# yarn lockfile v1


"@tailwindcss/line-clamp@^0.4.0":
  version "0.4.0"
  resolved "https://registry.yarnpkg.com/@tailwindcss/line-clamp/-/line-clamp-0.4.0.tgz#03353e31e77636b785f2336e8c978502cec1de81"
  integrity sha512-HQZo6gfx1D0+DU3nWlNLD5iA6Ef4JAXh0LeD8lOGrJwEDBwwJNKQza6WoXhhY1uQrxOuU8ROxV7CqiQV4CoiLw==
