# THIS IS AN AUTOGENERATED FILE. DO NOT EDIT THIS FILE DIRECTLY.
# yarn lockfile v1


"@ts-rest/core@^3.18.1":
  version "3.18.1"
  resolved "https://registry.yarnpkg.com/@ts-rest/core/-/core-3.18.1.tgz#0a2a3d09ade8887c00bed9f555637bc0be13c1a9"
  integrity sha512-hS0lze9y1TLRe0rRk0VyIgkYkj4QlBBfpSJgaHOJoEZBEkKS0fIXJ8bg8njhIDu3F6jC2nwZNnLCmMNtZ8WFIQ==

zod@^3.21.4:
  version "3.21.4"
  resolved "https://registry.yarnpkg.com/zod/-/zod-3.21.4.tgz#10882231d992519f0a10b5dd58a38c9dabbb64db"
  integrity sha512-m46AKbrzKVzOzs/DZgVnG5H55N1sv1M8qZU3A8RIKbs3mrACDNeIOeilDymVb2HdmP8uwshOCF4uJ8uM9rCqJw==
