# This file is generated by running "yarn install" inside your project.
# Manual changes might be lost - proceed with caution!

__metadata:
  version: 6
  cacheKey: 8

"@ts-rest/core@npm:^3.18.1":
  version: 3.18.1
  resolution: "@ts-rest/core@npm:3.18.1"
  peerDependencies:
    zod: ^3.0.0
  peerDependenciesMeta:
    zod:
      optional: true
  checksum: 857438c9ad1228aa0623ec4c6b0a2148702e408f199732493b4060cba447e463230d9b9f7c01a0925f04e577dc0d90e222142836a736bcf9d370511139b2a36d
  languageName: node
  linkType: hard

"class-transformer@npm:^0.5.1":
  version: 0.5.1
  resolution: "class-transformer@npm:0.5.1"
  checksum: f191c8b4cc4239990f5efdd790cabdd852c243ed66248e39f6616a349c910c6eed2d9fd1fbf7ee6ea89f69b4f1d0b493b27347fe0cd0ae26b47c3745a805b6d3
  languageName: node
  linkType: hard

"shared@workspace:.":
  version: 0.0.0-use.local
  resolution: "shared@workspace:."
  dependencies:
    "@ts-rest/core": ^3.18.1
    class-transformer: ^0.5.1
    tsc: ^2.0.4
    zod: ^3.21.4
  peerDependencies:
    typescript: 4.7.4
  languageName: unknown
  linkType: soft

"tsc@npm:^2.0.4":
  version: 2.0.4
  resolution: "tsc@npm:2.0.4"
  bin:
    tsc: bin/tsc
  checksum: 50b10240887424c66454687f0fca4e319713b35cb44f0dab228719eb4dd757251f83c3d79e60d29dfbe90c2d6f1272f793b83e75a9fca2c622b4213ad3eb8cb1
  languageName: node
  linkType: hard

"zod@npm:^3.21.4":
  version: 3.21.4
  resolution: "zod@npm:3.21.4"
  checksum: f185ba87342ff16f7a06686767c2b2a7af41110c7edf7c1974095d8db7a73792696bcb4a00853de0d2edeb34a5b2ea6a55871bc864227dace682a0a28de33e1f
  languageName: node
  linkType: hard
